Microsoft Visual Studio Solution File, Format Version 11.00
# Visual Studio 2008

Project("{E9780709-CCFB-52B6-F3F9-8D581C29E475}") = "FPS project", "Assembly-CSharp.csproj", "{298675A1-F59F-57BD-8D56-B9FEF63C9BEE}"
EndProject
Global
	GlobalSection(SolutionConfigurationPlatforms) = preSolution
		Debug|Any CPU = Debug|Any CPU
		Release|Any CPU = Release|Any CPU
	EndGlobalSection
	GlobalSection(ProjectConfigurationPlatforms) = postSolution
		{298675A1-F59F-57BD-8D56-B9FEF63C9BEE}.Debug|Any CPU.ActiveCfg = Debug|Any CPU
		{298675A1-F59F-57BD-8D56-B9FEF63C9BEE}.Debug|Any CPU.Build.0 = Debug|Any CPU
		{298675A1-F59F-57BD-8D56-B9FEF63C9BEE}.Release|Any CPU.ActiveCfg = Release|Any CPU
		{298675A1-F59F-57BD-8D56-B9FEF63C9BEE}.Release|Any CPU.Build.0 = Release|Any CPU
	EndGlobalSection
	GlobalSection(SolutionProperties) = preSolution
		HideSolutionNode = FALSE
	EndGlobalSection
	GlobalSection(MonoDevelopProperties) = preSolution
		StartupItem = Assembly-CSharp.csproj
	EndGlobalSection
EndGlobal
